// !$*UTF8*$!
{
	archiveVersion = 1;
	classes = {
	};
	objectVersion = 46;
	objects = {

/* Begin PBXBuildFile section */
		8500BCA41C3274A900A3C843 /* main.m in Sources */ = {isa = PBXBuildFile; fileRef = 8500BCA31C3274A900A3C843 /* main.m */; };
		8500BCA71C3274A900A3C843 /* AppDelegate.m in Sources */ = {isa = PBXBuildFile; fileRef = 8500BCA61C3274A900A3C843 /* AppDelegate.m */; };
		8500BCAA1C3274A900A3C843 /* ViewController.m in Sources */ = {isa = PBXBuildFile; fileRef = 8500BCA91C3274A900A3C843 /* ViewController.m */; };
		8500BCAD1C3274A900A3C843 /* Main.storyboard in Resources */ = {isa = PBXBuildFile; fileRef = 8500BCAB1C3274A900A3C843 /* Main.storyboard */; };
		8500BCAF1C3274A900A3C843 /* Assets.xcassets in Resources */ = {isa = PBXBuildFile; fileRef = 8500BCAE1C3274A900A3C843 /* Assets.xcassets */; };
		8500BCB21C3274A900A3C843 /* LaunchScreen.storyboard in Resources */ = {isa = PBXBuildFile; fileRef = 8500BCB01C3274A900A3C843 /* LaunchScreen.storyboard */; };
/* End PBXBuildFile section */

/* Begin PBXFileReference section */
		8500BC9F1C3274A900A3C843 /* Day04.app */ = {isa = PBXFileReference; explicitFileType = wrapper.application; includeInIndex = 0; path = Day04.app; sourceTree = BUILT_PRODUCTS_DIR; };
		8500BCA31C3274A900A3C843 /* main.m */ = {isa = PBXFileReference; lastKnownFileType = sourcecode.c.objc; path = main.m; sourceTree = "<group>"; };
		8500BCA51C3274A900A3C843 /* AppDelegate.h */ = {isa = PBXFileReference; lastKnownFileType = sourcecode.c.h; path = AppDelegate.h; sourceTree = "<group>"; };
		8500BCA61C3274A900A3C843 /* AppDelegate.m */ = {isa = PBXFileReference; lastKnownFileType = sourcecode.c.objc; path = AppDelegate.m; sourceTree = "<group>"; };
		8500BCA81C3274A900A3C843 /* ViewController.h */ = {isa = PBXFileReference; lastKnownFileType = sourcecode.c.h; path = ViewController.h; sourceTree = "<group>"; };
		8500BCA91C3274A900A3C843 /* ViewController.m */ = {isa = PBXFileReference; lastKnownFileType = sourcecode.c.objc; path = ViewController.m; sourceTree = "<group>"; };
		8500BCAC1C3274A900A3C843 /* Base */ = {isa = PBXFileReference; lastKnownFileType = file.storyboard; name = Base; path = Base.lproj/Main.storyboard; sourceTree = "<group>"; };
		8500BCAE1C3274A900A3C843 /* Assets.xcassets */ = {isa = PBXFileReference; lastKnownFileType = folder.assetcatalog; path = Assets.xcassets; sourceTree = "<group>"; };
		8500BCB11C3274A900A3C843 /* Base */ = {isa = PBXFileReference; lastKnownFileType = file.storyboard; name = Base; path = Base.lproj/LaunchScreen.storyboard; sourceTree = "<group>"; };
		8500BCB31C3274A900A3C843 /* Info.plist */ = {isa = PBXFileReference; lastKnownFileType = text.plist.xml; path = Info.plist; sourceTree = "<group>"; };
/* End PBXFileReference section */

/* Begin PBXFrameworksBuildPhase section */
		8500BC9C1C3274A900A3C843 /* Frameworks */ = {
			isa = PBXFrameworksBuildPhase;
			buildActionMask = 2147483647;
			files = (
			);
			runOnlyForDeploymentPostprocessing = 0;
		};
/* End PBXFrameworksBuildPhase section */

/* Begin PBXGroup section */
		8500BC961C3274A900A3C843 = {
			isa = PBXGroup;
			children = (
				8500BCA11C3274A900A3C843 /* Day04 */,
				8500BCA01C3274A900A3C843 /* Products */,
			);
			sourceTree = "<group>";
		};
		8500BCA01C3274A900A3C843 /* Products */ = {
			isa = PBXGroup;
			children = (
				8500BC9F1C3274A900A3C843 /* Day04.app */,
			);
			name = Products;
			sourceTree = "<group>";
		};
		8500BCA11C3274A900A3C843 /* Day04 */ = {
			isa = PBXGroup;
			children = (
				8500BCA51C3274A900A3C843 /* AppDelegate.h */,
				8500BCA61C3274A900A3C843 /* AppDelegate.m */,
				8500BCA81C3274A900A3C843 /* ViewController.h */,
				8500BCA91C3274A900A3C843 /* ViewController.m */,
				8500BCAB1C3274A900A3C843 /* Main.storyboard */,
				8500BCAE1C3274A900A3C843 /* Assets.xcassets */,
				8500BCB01C3274A900A3C843 /* LaunchScreen.storyboard */,
				8500BCB31C3274A900A3C843 /* Info.plist */,
				8500BCA21C3274A900A3C843 /* Supporting Files */,
			);
			path = Day04;
			sourceTree = "<group>";
		};
		8500BCA21C3274A900A3C843 /* Supporting Files */ = {
			isa = PBXGroup;
			children = (
				8500BCA31C3274A900A3C843 /* main.m */,
			);
			name = "Supporting Files";
			sourceTree = "<group>";
		};
/* End PBXGroup section */

/* Begin PBXNativeTarget section */
		8500BC9E1C3274A900A3C843 /* Day04 */ = {
			isa = PBXNativeTarget;
			buildConfigurationList = 8500BCB61C3274A900A3C843 /* Build configuration list for PBXNativeTarget "Day04" */;
			buildPhases = (
				8500BC9B1C3274A900A3C843 /* Sources */,
				8500BC9C1C3274A900A3C843 /* Frameworks */,
				8500BC9D1C3274A900A3C843 /* Resources */,
			);
			buildRules = (
			);
			dependencies = (
			);
			name = Day04;
			productName = Day04;
			productReference = 8500BC9F1C3274A900A3C843 /* Day04.app */;
			productType = "com.apple.product-type.application";
		};
/* End PBXNativeTarget section */

/* Begin PBXProject section */
		8500BC971C3274A900A3C843 /* Project object */ = {
			isa = PBXProject;
			attributes = {
				LastUpgradeCheck = 0710;
				ORGANIZATIONNAME = tarena;
				TargetAttributes = {
					8500BC9E1C3274A900A3C843 = {
						CreatedOnToolsVersion = 7.1.1;
						DevelopmentTeam = YC8G565SSR;
					};
				};
			};
			buildConfigurationList = 8500BC9A1C3274A900A3C843 /* Build configuration list for PBXProject "Day04" */;
			compatibilityVersion = "Xcode 3.2";
			developmentRegion = English;
			hasScannedForEncodings = 0;
			knownRegions = (
				en,
				Base,
			);
			mainGroup = 8500BC961C3274A900A3C843;
			productRefGroup = 8500BCA01C3274A900A3C843 /* Products */;
			projectDirPath = "";
			projectRoot = "";
			targets = (
				8500BC9E1C3274A900A3C843 /* Day04 */,
			);
		};
/* End PBXProject section */

/* Begin PBXResourcesBuildPhase section */
		8500BC9D1C3274A900A3C843 /* Resources */ = {
			isa = PBXResourcesBuildPhase;
			buildActionMask = 2147483647;
			files = (
				8500BCB21C3274A900A3C843 /* LaunchScreen.storyboard in Resources */,
				8500BCAF1C3274A900A3C843 /* Assets.xcassets in Resources */,
				8500BCAD1C3274A900A3C843 /* Main.storyboard in Resources */,
			);
			runOnlyForDeploymentPostprocessing = 0;
		};
/* End PBXResourcesBuildPhase section */

/* Begin PBXSourcesBuildPhase section */
		8500BC9B1C3274A900A3C843 /* Sources */ = {
			isa = PBXSourcesBuildPhase;
			buildActionMask = 2147483647;
			files = (
				8500BCAA1C3274A900A3C843 /* ViewController.m in Sources */,
				8500BCA71C3274A900A3C843 /* AppDelegate.m in Sources */,
				8500BCA41C3274A900A3C843 /* main.m in Sources */,
			);
			runOnlyForDeploymentPostprocessing = 0;
		};
/* End PBXSourcesBuildPhase section */

/* Begin PBXVariantGroup section */
		8500BCAB1C3274A900A3C843 /* Main.storyboard */ = {
			isa = PBXVariantGroup;
			children = (
				8500BCAC1C3274A900A3C843 /* Base */,
			);
			name = Main.storyboard;
			sourceTree = "<group>";
		};
		8500BCB01C3274A900A3C843 /* LaunchScreen.storyboard */ = {
			isa = PBXVariantGroup;
			children = (
				8500BCB11C3274A900A3C843 /* Base */,
			);
			name = LaunchScreen.storyboard;
			sourceTree = "<group>";
		};
/* End PBXVariantGroup section */

/* Begin XCBuildConfiguration section */
		8500BCB41C3274A900A3C843 /* Debug */ = {
			isa = XCBuildConfiguration;
			buildSettings = {
				ALWAYS_SEARCH_USER_PATHS = NO;
				CLANG_CXX_LANGUAGE_STANDARD = "gnu++0x";
				CLANG_CXX_LIBRARY = "libc++";
				CLANG_ENABLE_MODULES = YES;
				CLANG_ENABLE_OBJC_ARC = YES;
				CLANG_WARN_BOOL_CONVERSION = YES;
				CLANG_WARN_CONSTANT_CONVERSION = YES;
				CLANG_WARN_DIRECT_OBJC_ISA_USAGE = YES_ERROR;
				CLANG_WARN_EMPTY_BODY = YES;
				CLANG_WARN_ENUM_CONVERSION = YES;
				CLANG_WARN_INT_CONVERSION = YES;
				CLANG_WARN_OBJC_ROOT_CLASS = YES_ERROR;
				CLANG_WARN_UNREACHABLE_CODE = YES;
				CLANG_WARN__DUPLICATE_METHOD_MATCH = YES;
				"CODE_SIGN_IDENTITY[sdk=iphoneos*]" = "iPhone Developer";
				COPY_PHASE_STRIP = NO;
				DEBUG_INFORMATION_FORMAT = dwarf;
				ENABLE_STRICT_OBJC_MSGSEND = YES;
				ENABLE_TESTABILITY = YES;
				GCC_C_LANGUAGE_STANDARD = gnu99;
				GCC_DYNAMIC_NO_PIC = NO;
				GCC_NO_COMMON_BLOCKS = YES;
				GCC_OPTIMIZATION_LEVEL = 0;
				GCC_PREPROCESSOR_DEFINITIONS = (
					"DEBUG=1",
					"$(inherited)",
				);
				GCC_WARN_64_TO_32_BIT_CONVERSION = YES;
				GCC_WARN_ABOUT_RETURN_TYPE = YES_ERROR;
				GCC_WARN_UNDECLARED_SELECTOR = YES;
				GCC_WARN_UNINITIALIZED_AUTOS = YES_AGGRESSIVE;
				GCC_WARN_UNUSED_FUNCTION = YES;
				GCC_WARN_UNUSED_VARIABLE = YES;
				IPHONEOS_DEPLOYMENT_TARGET = 9.1;
				MTL_ENABLE_DEBUG_INFO = YES;
				ONLY_ACTIVE_ARCH = YES;
				SDKROOT = iphoneos;
			};
			name = Debug;
		};
		8500BCB51C3274A900A3C843 /* Release */ = {
			isa = XCBuildConfiguration;
			buildSettings = {
				ALWAYS_SEARCH_USER_PATHS = NO;
				CLANG_CXX_LANGUAGE_STANDARD = "gnu++0x";
				CLANG_CXX_LIBRARY = "libc++";
				CLANG_ENABLE_MODULES = YES;
				CLANG_ENABLE_OBJC_ARC = YES;
				CLANG_WARN_BOOL_CONVERSION = YES;
				CLANG_WARN_CONSTANT_CONVERSION = YES;
				CLANG_WARN_DIRECT_OBJC_ISA_USAGE = YES_ERROR;
				CLANG_WARN_EMPTY_BODY = YES;
				CLANG_WARN_ENUM_CONVERSION = YES;
				CLANG_WARN_INT_CONVERSION = YES;
				CLANG_WARN_OBJC_ROOT_CLASS = YES_ERROR;
				CLANG_WARN_UNREACHABLE_CODE = YES;
				CLANG_WARN__DUPLICATE_METHOD_MATCH = YES;
				"CODE_SIGN_IDENTITY[sdk=iphoneos*]" = "iPhone Developer";
				COPY_PHASE_STRIP = NO;
				DEBUG_INFORMATION_FORMAT = "dwarf-with-dsym";
				ENABLE_NS_ASSERTIONS = NO;
				ENABLE_STRICT_OBJC_MSGSEND = YES;
				GCC_C_LANGUAGE_STANDARD = gnu99;
				GCC_NO_COMMON_BLOCKS = YES;
				GCC_WARN_64_TO_32_BIT_CONVERSION = YES;
				GCC_WARN_ABOUT_RETURN_TYPE = YES_ERROR;
				GCC_WARN_UNDECLARED_SELECTOR = YES;
				GCC_WARN_UNINITIALIZED_AUTOS = YES_AGGRESSIVE;
				GCC_WARN_UNUSED_FUNCTION = YES;
				GCC_WARN_UNUSED_VARIABLE = YES;
				IPHONEOS_DEPLOYMENT_TARGET = 9.1;
				MTL_ENABLE_DEBUG_INFO = NO;
				SDKROOT = iphoneos;
				VALIDATE_PRODUCT = YES;
			};
			name = Release;
		};
		8500BCB71C3274A900A3C843 /* Debug */ = {
			isa = XCBuildConfiguration;
			buildSettings = {
				ASSETCATALOG_COMPILER_APPICON_NAME = AppIcon;
				INFOPLIST_FILE = Day04/Info.plist;
				LD_RUNPATH_SEARCH_PATHS = "$(inherited) @executable_path/Frameworks";
				PRODUCT_BUNDLE_IDENTIFIER = com.tarena.Day04;
				PRODUCT_NAME = "$(TARGET_NAME)";
			};
			name = Debug;
		};
		8500BCB81C3274A900A3C843 /* Release */ = {
			isa = XCBuildConfiguration;
			buildSettings = {
				ASSETCATALOG_COMPILER_APPICON_NAME = AppIcon;
				INFOPLIST_FILE = Day04/Info.plist;
				LD_RUNPATH_SEARCH_PATHS = "$(inherited) @executable_path/Frameworks";
				PRODUCT_BUNDLE_IDENTIFIER = com.tarena.Day04;
				PRODUCT_NAME = "$(TARGET_NAME)";
			};
			name = Release;
		};
/* End XCBuildConfiguration section */

/* Begin XCConfigurationList section */
		8500BC9A1C3274A900A3C843 /* Build configuration list for PBXProject "Day04" */ = {
			isa = XCConfigurationList;
			buildConfigurations = (
				8500BCB41C3274A900A3C843 /* Debug */,
				8500BCB51C3274A900A3C843 /* Release */,
			);
			defaultConfigurationIsVisible = 0;
			defaultConfigurationName = Release;
		};
		8500BCB61C3274A900A3C843 /* Build configuration list for PBXNativeTarget "Day04" */ = {
			isa = XCConfigurationList;
			buildConfigurations = (
				8500BCB71C3274A900A3C843 /* Debug */,
				8500BCB81C3274A900A3C843 /* Release */,
			);
			defaultConfigurationIsVisible = 0;
		};
/* End XCConfigurationList section */
	};
	rootObject = 8500BC971C3274A900A3C843 /* Project object */;
}
